PODS:
  - ActionSheetPicker-3.0 (2.3.0)
  - Alamofire (4.7.0)
  - ImageSlideshow (1.6.1):
    - ImageSlideshow/Core (= 1.6.1)
  - ImageSlideshow/Core (1.6.1)
  - JGProgressHUD (2.1)
  - MTBBarcodeScanner (5.0.11)
  - Toast-Swift (3.0.1)

DEPENDENCIES:
  - ActionSheetPicker-3.0 (~> 2.3.0)
  - Alamofire (<= 4.7)
  - ImageSlideshow (~> 1.6.0)
  - JGProgressHUD
  - MTBBarcodeScanner
  - Toast-Swift (~> 3.0.0)

SPEC REPOS:
  https://github.com/cocoapods/specs.git:
    - ActionSheetPicker-3.0
    - Alamofire
    - ImageSlideshow
    - JGProgressHUD
    - MTBBarcodeScanner
    - Toast-Swift

SPEC CHECKSUMS:
  ActionSheetPicker-3.0: eef157d75e151f255c5333d26656c7fbfe905a51
  Alamofire: 907e0a98eb68cdb7f9d1f541a563d6ac5dc77b25
  ImageSlideshow: f0f33e1a20668e83d77f5fb7729e4ae4437c0759
  JGProgressHUD: aa403e9a5b45cae98903c4600cccdd98c0c3ec90
  MTBBarcodeScanner: f453b33c4b7dfe545d8c6484ed744d55671788cb
  Toast-Swift: ba0b01b095aada709d915f9beb1d38184a2721c3

PODFILE CHECKSUM: 92773b338062d26b82c6b0d7e09984d60d667bb9

COCOAPODS: 1.6.1
